
Microsoft Visual Studio Solution File, Format Version 12.00
# Visual Studio Version 16
VisualStudioVersion = 16.0.32106.194
MinimumVisualStudioVersion = 10.0.40219.1
Project("{FAE04EC0-301F-11D3-BF4B-00C04F79EFBC}") = "Entidades", "Guglielmino.Jennifer.2E.TP1\Entidades.csproj", "{9793AA52-B61F-4364-B8A4-ACF88868536A}"
EndProject
Project("{FAE04EC0-301F-11D3-BF4B-00C04F79EFBC}") = "MiCalculadora", "MiCalculadora\MiCalculadora.csproj", "{5891EFF8-5D68-4E6A-A893-3EC0130915AA}"
EndProject
Global
	GlobalSection(SolutionConfigurationPlatforms) = preSolution
		Debug|Any CPU = Debug|Any CPU
		Release|Any CPU = Release|Any CPU
	EndGlobalSection
	GlobalSection(ProjectConfigurationPlatforms) = postSolution
		{9793AA52-B61F-4364-B8A4-ACF88868536A}.Debug|Any CPU.ActiveCfg = Debug|Any CPU
		{9793AA52-B61F-4364-B8A4-ACF88868536A}.Debug|Any CPU.Build.0 = Debug|Any CPU
		{9793AA52-B61F-4364-B8A4-ACF88868536A}.Release|Any CPU.ActiveCfg = Release|Any CPU
		{9793AA52-B61F-4364-B8A4-ACF88868536A}.Release|Any CPU.Build.0 = Release|Any CPU
		{5891EFF8-5D68-4E6A-A893-3EC0130915AA}.Debug|Any CPU.ActiveCfg = Debug|Any CPU
		{5891EFF8-5D68-4E6A-A893-3EC0130915AA}.Debug|Any CPU.Build.0 = Debug|Any CPU
		{5891EFF8-5D68-4E6A-A893-3EC0130915AA}.Release|Any CPU.ActiveCfg = Release|Any CPU
		{5891EFF8-5D68-4E6A-A893-3EC0130915AA}.Release|Any CPU.Build.0 = Release|Any CPU
	EndGlobalSection
	GlobalSection(SolutionProperties) = preSolution
		HideSolutionNode = FALSE
	EndGlobalSection
	GlobalSection(ExtensibilityGlobals) = postSolution
		SolutionGuid = {F214BECA-850F-4D59-9317-6021304A16C5}
	EndGlobalSection
EndGlobal
