
Microsoft Visual Studio Solution File, Format Version 12.00
# Visual Studio Version 16
VisualStudioVersion = 16.0.32106.194
MinimumVisualStudioVersion = 10.0.40219.1
Project("{9A19103F-16F7-4668-BE54-9A1E7A4F7556}") = "Entidades", "Entidades\Entidades.csproj", "{D90C92EE-9F0D-4096-9388-48EC2AD2B835}"
EndProject
Project("{9A19103F-16F7-4668-BE54-9A1E7A4F7556}") = "MiCalculadora", "MiCalculadora\MiCalculadora.csproj", "{6DDF76DF-71F3-4637-B98F-C39253897700}"
EndProject
Global
	GlobalSection(SolutionConfigurationPlatforms) = preSolution
		Debug|Any CPU = Debug|Any CPU
		Release|Any CPU = Release|Any CPU
	EndGlobalSection
	GlobalSection(ProjectConfigurationPlatforms) = postSolution
		{D90C92EE-9F0D-4096-9388-48EC2AD2B835}.Debug|Any CPU.ActiveCfg = Debug|Any CPU
		{D90C92EE-9F0D-4096-9388-48EC2AD2B835}.Debug|Any CPU.Build.0 = Debug|Any CPU
		{D90C92EE-9F0D-4096-9388-48EC2AD2B835}.Release|Any CPU.ActiveCfg = Release|Any CPU
		{D90C92EE-9F0D-4096-9388-48EC2AD2B835}.Release|Any CPU.Build.0 = Release|Any CPU
		{6DDF76DF-71F3-4637-B98F-C39253897700}.Debug|Any CPU.ActiveCfg = Debug|Any CPU
		{6DDF76DF-71F3-4637-B98F-C39253897700}.Debug|Any CPU.Build.0 = Debug|Any CPU
		{6DDF76DF-71F3-4637-B98F-C39253897700}.Release|Any CPU.ActiveCfg = Release|Any CPU
		{6DDF76DF-71F3-4637-B98F-C39253897700}.Release|Any CPU.Build.0 = Release|Any CPU
	EndGlobalSection
	GlobalSection(SolutionProperties) = preSolution
		HideSolutionNode = FALSE
	EndGlobalSection
	GlobalSection(ExtensibilityGlobals) = postSolution
		SolutionGuid = {F214BECA-850F-4D59-9317-6021304A16C5}
	EndGlobalSection
EndGlobal
