
Microsoft Visual Studio Solution File, Format Version 12.00
# Visual Studio Version 16
VisualStudioVersion = 16.0.32106.194
MinimumVisualStudioVersion = 10.0.40219.1
Project("{FAE04EC0-301F-11D3-BF4B-00C04F79EFBC}") = "Entidades", "Entidades\Entidades.csproj", "{580AA91A-9B41-4BAD-A045-DA761C77647E}"
EndProject
Project("{FAE04EC0-301F-11D3-BF4B-00C04F79EFBC}") = "Heladeria", "Heladeria\Heladeria.csproj", "{B9AB7911-1BB9-4824-B281-EFB4EC529705}"
EndProject
Global
	GlobalSection(SolutionConfigurationPlatforms) = preSolution
		Debug|Any CPU = Debug|Any CPU
		Release|Any CPU = Release|Any CPU
	EndGlobalSection
	GlobalSection(ProjectConfigurationPlatforms) = postSolution
		{580AA91A-9B41-4BAD-A045-DA761C77647E}.Debug|Any CPU.ActiveCfg = Debug|Any CPU
		{580AA91A-9B41-4BAD-A045-DA761C77647E}.Debug|Any CPU.Build.0 = Debug|Any CPU
		{580AA91A-9B41-4BAD-A045-DA761C77647E}.Release|Any CPU.ActiveCfg = Release|Any CPU
		{580AA91A-9B41-4BAD-A045-DA761C77647E}.Release|Any CPU.Build.0 = Release|Any CPU
		{B9AB7911-1BB9-4824-B281-EFB4EC529705}.Debug|Any CPU.ActiveCfg = Debug|Any CPU
		{B9AB7911-1BB9-4824-B281-EFB4EC529705}.Debug|Any CPU.Build.0 = Debug|Any CPU
		{B9AB7911-1BB9-4824-B281-EFB4EC529705}.Release|Any CPU.ActiveCfg = Release|Any CPU
		{B9AB7911-1BB9-4824-B281-EFB4EC529705}.Release|Any CPU.Build.0 = Release|Any CPU
	EndGlobalSection
	GlobalSection(SolutionProperties) = preSolution
		HideSolutionNode = FALSE
	EndGlobalSection
	GlobalSection(ExtensibilityGlobals) = postSolution
		SolutionGuid = {3F8D1F83-6DC6-42BC-8B6E-5A8F17F037E9}
	EndGlobalSection
EndGlobal
